
Microsoft Visual Studio Solution File, Format Version 12.00
# Visual Studio Version 17
VisualStudioVersion = 17.4.33213.308
MinimumVisualStudioVersion = 10.0.40219.1
Project("{FAE04EC0-301F-11D3-BF4B-00C04F79EFBC}") = "RazorPagesMovie", "RazorPagesMovie\RazorPagesMovie.csproj", "{A511FF78-221B-4FF1-BF3F-800255B991DC}"
EndProject
Global
	GlobalSection(SolutionConfigurationPlatforms) = preSolution
		Debug|Any CPU = Debug|Any CPU
		Release|Any CPU = Release|Any CPU
	EndGlobalSection
	GlobalSection(ProjectConfigurationPlatforms) = postSolution
		{A511FF78-221B-4FF1-BF3F-800255B991DC}.Debug|Any CPU.ActiveCfg = Debug|Any CPU
		{A511FF78-221B-4FF1-BF3F-800255B991DC}.Debug|Any CPU.Build.0 = Debug|Any CPU
		{A511FF78-221B-4FF1-BF3F-800255B991DC}.Release|Any CPU.ActiveCfg = Release|Any CPU
		{A511FF78-221B-4FF1-BF3F-800255B991DC}.Release|Any CPU.Build.0 = Release|Any CPU
	EndGlobalSection
	GlobalSection(SolutionProperties) = preSolution
		HideSolutionNode = FALSE
	EndGlobalSection
	GlobalSection(ExtensibilityGlobals) = postSolution
		SolutionGuid = {DED0656D-022B-4B61-8790-6F781698B00C}
	EndGlobalSection
EndGlobal
